# This file is autogenerated, do not edit; changes may be undone by the next 'dep ensure'.


[[projects]]
  digest = "1:7759377b3a5a4b04e0c82ac63486fc70cb8bfec6f197ab3121bbe1523563e6b0"
  name = "github.com/devopsfaith/krakend"
  packages = [
    "config",
    "encoding",
    "register",
    "register/internal",
    "transport/http/client",
  ]
  pruneopts = "UT"
  revision = "1d20c1916774358fb9a86726f1e9633e133c5b90"
  version = "0.9.0"

[[projects]]
  digest = "1:76dc72490af7174349349838f2fe118996381b31ea83243812a97e5a0fd5ed55"
  name = "github.com/dgrijalva/jwt-go"
  packages = ["."]
  pruneopts = "UT"
  revision = "06ea1031745cb8b3dab3f6a236daf2b0aa468b7e"
  version = "v3.2.0"

[[projects]]
  branch = "master"
  digest = "1:7ccb2dbb79f60b4e530c7dc3a0b3681b3869cf7ea91c645735e4dd4e6e3264fd"
  name = "golang.org/x/net"
  packages = ["context/ctxhttp"]
  pruneopts = "UT"
  revision = "da137c7871d730100384dbcf36e6f8fa493aef5b"

[solve-meta]
  analyzer-name = "dep"
  analyzer-version = 1
  input-imports = [
    "github.com/devopsfaith/krakend/config",
    "github.com/devopsfaith/krakend/transport/http/client",
    "github.com/dgrijalva/jwt-go",
    "golang.org/x/net/context/ctxhttp",
  ]
  solver-name = "gps-cdcl"
  solver-version = 1
